
Microsoft Visual Studio Solution File, Format Version 12.00
# Visual Studio 15
VisualStudioVersion = 15.0.26403.3
MinimumVisualStudioVersion = 10.0.40219.1
Project("{FAE04EC0-301F-11D3-BF4B-00C04F79EFBC}") = "Challenge201704.XamarinKorea", "src\Challenge201704.XamarinKorea\Challenge201704.XamarinKorea.csproj", "{38EAB547-C9E4-4D81-BA72-51C7E4C46975}"
EndProject
Project("{FAE04EC0-301F-11D3-BF4B-00C04F79EFBC}") = "Challenge201704.XamarinKorea.Droid", "src\Challenge201704.XamarinKorea.Droid\Challenge201704.XamarinKorea.Droid.csproj", "{FBF1647E-5BF2-433E-B065-5925786578A5}"
EndProject
Project("{FAE04EC0-301F-11D3-BF4B-00C04F79EFBC}") = "Challenge201704.XamarinKorea.iOS", "src\Challenge201704.XamarinKorea.iOS\Challenge201704.XamarinKorea.iOS.csproj", "{D21B3FB2-C7AC-4644-AF09-027C33CF3580}"
EndProject
Project("{FAE04EC0-301F-11D3-BF4B-00C04F79EFBC}") = "Challenge201704.XamarinKorea.UWP", "src\Challenge201704.XamarinKorea.UWP\Challenge201704.XamarinKorea.UWP.csproj", "{BC494802-CCA2-4043-BC5B-ED5731100080}"
EndProject
Global
	GlobalSection(SolutionConfigurationPlatforms) = preSolution
		Ad-Hoc|Any CPU = Ad-Hoc|Any CPU
		Ad-Hoc|ARM = Ad-Hoc|ARM
		Ad-Hoc|iPhone = Ad-Hoc|iPhone
		Ad-Hoc|iPhoneSimulator = Ad-Hoc|iPhoneSimulator
		Ad-Hoc|x64 = Ad-Hoc|x64
		Ad-Hoc|x86 = Ad-Hoc|x86
		AppStore|Any CPU = AppStore|Any CPU
		AppStore|ARM = AppStore|ARM
		AppStore|iPhone = AppStore|iPhone
		AppStore|iPhoneSimulator = AppStore|iPhoneSimulator
		AppStore|x64 = AppStore|x64
		AppStore|x86 = AppStore|x86
		Debug|Any CPU = Debug|Any CPU
		Debug|ARM = Debug|ARM
		Debug|iPhone = Debug|iPhone
		Debug|iPhoneSimulator = Debug|iPhoneSimulator
		Debug|x64 = Debug|x64
		Debug|x86 = Debug|x86
		Release|Any CPU = Release|Any CPU
		Release|ARM = Release|ARM
		Release|iPhone = Release|iPhone
		Release|iPhoneSimulator = Release|iPhoneSimulator
		Release|x64 = Release|x64
		Release|x86 = Release|x86
	EndGlobalSection
	GlobalSection(ProjectConfigurationPlatforms) = postSolution
		{38EAB547-C9E4-4D81-BA72-51C7E4C46975}.Ad-Hoc|Any CPU.ActiveCfg = Release|Any CPU
		{38EAB547-C9E4-4D81-BA72-51C7E4C46975}.Ad-Hoc|Any CPU.Build.0 = Release|Any CPU
		{38EAB547-C9E4-4D81-BA72-51C7E4C46975}.Ad-Hoc|ARM.ActiveCfg = Release|Any CPU
		{38EAB547-C9E4-4D81-BA72-51C7E4C46975}.Ad-Hoc|ARM.Build.0 = Release|Any CPU
		{38EAB547-C9E4-4D81-BA72-51C7E4C46975}.Ad-Hoc|iPhone.ActiveCfg = Release|Any CPU
		{38EAB547-C9E4-4D81-BA72-51C7E4C46975}.Ad-Hoc|iPhone.Build.0 = Release|Any CPU
		{38EAB547-C9E4-4D81-BA72-51C7E4C46975}.Ad-Hoc|iPhoneSimulator.ActiveCfg = Release|Any CPU
		{38EAB547-C9E4-4D81-BA72-51C7E4C46975}.Ad-Hoc|iPhoneSimulator.Build.0 = Release|Any CPU
		{38EAB547-C9E4-4D81-BA72-51C7E4C46975}.Ad-Hoc|x64.ActiveCfg = Release|Any CPU
		{38EAB547-C9E4-4D81-BA72-51C7E4C46975}.Ad-Hoc|x64.Build.0 = Release|Any CPU
		{38EAB547-C9E4-4D81-BA72-51C7E4C46975}.Ad-Hoc|x86.ActiveCfg = Release|Any CPU
		{38EAB547-C9E4-4D81-BA72-51C7E4C46975}.Ad-Hoc|x86.Build.0 = Release|Any CPU
		{38EAB547-C9E4-4D81-BA72-51C7E4C46975}.AppStore|Any CPU.ActiveCfg = Release|Any CPU
		{38EAB547-C9E4-4D81-BA72-51C7E4C46975}.AppStore|Any CPU.Build.0 = Release|Any CPU
		{38EAB547-C9E4-4D81-BA72-51C7E4C46975}.AppStore|ARM.ActiveCfg = Release|Any CPU
		{38EAB547-C9E4-4D81-BA72-51C7E4C46975}.AppStore|ARM.Build.0 = Release|Any CPU
		{38EAB547-C9E4-4D81-BA72-51C7E4C46975}.AppStore|iPhone.ActiveCfg = Release|Any CPU
		{38EAB547-C9E4-4D81-BA72-51C7E4C46975}.AppStore|iPhone.Build.0 = Release|Any CPU
		{38EAB547-C9E4-4D81-BA72-51C7E4C46975}.AppStore|iPhoneSimulator.ActiveCfg = Release|Any CPU
		{38EAB547-C9E4-4D81-BA72-51C7E4C46975}.AppStore|iPhoneSimulator.Build.0 = Release|Any CPU
		{38EAB547-C9E4-4D81-BA72-51C7E4C46975}.AppStore|x64.ActiveCfg = Release|Any CPU
		{38EAB547-C9E4-4D81-BA72-51C7E4C46975}.AppStore|x64.Build.0 = Release|Any CPU
		{38EAB547-C9E4-4D81-BA72-51C7E4C46975}.AppStore|x86.ActiveCfg = Release|Any CPU
		{38EAB547-C9E4-4D81-BA72-51C7E4C46975}.AppStore|x86.Build.0 = Release|Any CPU
		{38EAB547-C9E4-4D81-BA72-51C7E4C46975}.Debug|Any CPU.ActiveCfg = Debug|Any CPU
		{38EAB547-C9E4-4D81-BA72-51C7E4C46975}.Debug|Any CPU.Build.0 = Debug|Any CPU
		{38EAB547-C9E4-4D81-BA72-51C7E4C46975}.Debug|ARM.ActiveCfg = Debug|Any CPU
		{38EAB547-C9E4-4D81-BA72-51C7E4C46975}.Debug|ARM.Build.0 = Debug|Any CPU
		{38EAB547-C9E4-4D81-BA72-51C7E4C46975}.Debug|iPhone.ActiveCfg = Debug|Any CPU
		{38EAB547-C9E4-4D81-BA72-51C7E4C46975}.Debug|iPhone.Build.0 = Debug|Any CPU
		{38EAB547-C9E4-4D81-BA72-51C7E4C46975}.Debug|iPhoneSimulator.ActiveCfg = Debug|Any CPU
		{38EAB547-C9E4-4D81-BA72-51C7E4C46975}.Debug|iPhoneSimulator.Build.0 = Debug|Any CPU
		{38EAB547-C9E4-4D81-BA72-51C7E4C46975}.Debug|x64.ActiveCfg = Debug|Any CPU
		{38EAB547-C9E4-4D81-BA72-51C7E4C46975}.Debug|x64.Build.0 = Debug|Any CPU
		{38EAB547-C9E4-4D81-BA72-51C7E4C46975}.Debug|x86.ActiveCfg = Debug|Any CPU
		{38EAB547-C9E4-4D81-BA72-51C7E4C46975}.Debug|x86.Build.0 = Debug|Any CPU
		{38EAB547-C9E4-4D81-BA72-51C7E4C46975}.Release|Any CPU.ActiveCfg = Release|Any CPU
		{38EAB547-C9E4-4D81-BA72-51C7E4C46975}.Release|Any CPU.Build.0 = Release|Any CPU
		{38EAB547-C9E4-4D81-BA72-51C7E4C46975}.Release|ARM.ActiveCfg = Release|Any CPU
		{38EAB547-C9E4-4D81-BA72-51C7E4C46975}.Release|ARM.Build.0 = Release|Any CPU
		{38EAB547-C9E4-4D81-BA72-51C7E4C46975}.Release|iPhone.ActiveCfg = Release|Any CPU
		{38EAB547-C9E4-4D81-BA72-51C7E4C46975}.Release|iPhone.Build.0 = Release|Any CPU
		{38EAB547-C9E4-4D81-BA72-51C7E4C46975}.Release|iPhoneSimulator.ActiveCfg = Release|Any CPU
		{38EAB547-C9E4-4D81-BA72-51C7E4C46975}.Release|iPhoneSimulator.Build.0 = Release|Any CPU
		{38EAB547-C9E4-4D81-BA72-51C7E4C46975}.Release|x64.ActiveCfg = Release|Any CPU
		{38EAB547-C9E4-4D81-BA72-51C7E4C46975}.Release|x64.Build.0 = Release|Any CPU
		{38EAB547-C9E4-4D81-BA72-51C7E4C46975}.Release|x86.ActiveCfg = Release|Any CPU
		{38EAB547-C9E4-4D81-BA72-51C7E4C46975}.Release|x86.Build.0 = Release|Any CPU
		{FBF1647E-5BF2-433E-B065-5925786578A5}.Ad-Hoc|Any CPU.ActiveCfg = Release|Any CPU
		{FBF1647E-5BF2-433E-B065-5925786578A5}.Ad-Hoc|Any CPU.Build.0 = Release|Any CPU
		{FBF1647E-5BF2-433E-B065-5925786578A5}.Ad-Hoc|Any CPU.Deploy.0 = Release|Any CPU
		{FBF1647E-5BF2-433E-B065-5925786578A5}.Ad-Hoc|ARM.ActiveCfg = Release|Any CPU
		{FBF1647E-5BF2-433E-B065-5925786578A5}.Ad-Hoc|ARM.Build.0 = Release|Any CPU
		{FBF1647E-5BF2-433E-B065-5925786578A5}.Ad-Hoc|ARM.Deploy.0 = Release|Any CPU
		{FBF1647E-5BF2-433E-B065-5925786578A5}.Ad-Hoc|iPhone.ActiveCfg = Release|Any CPU
		{FBF1647E-5BF2-433E-B065-5925786578A5}.Ad-Hoc|iPhone.Build.0 = Release|Any CPU
		{FBF1647E-5BF2-433E-B065-5925786578A5}.Ad-Hoc|iPhone.Deploy.0 = Release|Any CPU
		{FBF1647E-5BF2-433E-B065-5925786578A5}.Ad-Hoc|iPhoneSimulator.ActiveCfg = Release|Any CPU
		{FBF1647E-5BF2-433E-B065-5925786578A5}.Ad-Hoc|iPhoneSimulator.Build.0 = Release|Any CPU
		{FBF1647E-5BF2-433E-B065-5925786578A5}.Ad-Hoc|iPhoneSimulator.Deploy.0 = Release|Any CPU
		{FBF1647E-5BF2-433E-B065-5925786578A5}.Ad-Hoc|x64.ActiveCfg = Release|Any CPU
		{FBF1647E-5BF2-433E-B065-5925786578A5}.Ad-Hoc|x64.Build.0 = Release|Any CPU
		{FBF1647E-5BF2-433E-B065-5925786578A5}.Ad-Hoc|x64.Deploy.0 = Release|Any CPU
		{FBF1647E-5BF2-433E-B065-5925786578A5}.Ad-Hoc|x86.ActiveCfg = Release|Any CPU
		{FBF1647E-5BF2-433E-B065-5925786578A5}.Ad-Hoc|x86.Build.0 = Release|Any CPU
		{FBF1647E-5BF2-433E-B065-5925786578A5}.Ad-Hoc|x86.Deploy.0 = Release|Any CPU
		{FBF1647E-5BF2-433E-B065-5925786578A5}.AppStore|Any CPU.ActiveCfg = Release|Any CPU
		{FBF1647E-5BF2-433E-B065-5925786578A5}.AppStore|Any CPU.Build.0 = Release|Any CPU
		{FBF1647E-5BF2-433E-B065-5925786578A5}.AppStore|Any CPU.Deploy.0 = Release|Any CPU
		{FBF1647E-5BF2-433E-B065-5925786578A5}.AppStore|ARM.ActiveCfg = Release|Any CPU
		{FBF1647E-5BF2-433E-B065-5925786578A5}.AppStore|ARM.Build.0 = Release|Any CPU
		{FBF1647E-5BF2-433E-B065-5925786578A5}.AppStore|ARM.Deploy.0 = Release|Any CPU
		{FBF1647E-5BF2-433E-B065-5925786578A5}.AppStore|iPhone.ActiveCfg = Release|Any CPU
		{FBF1647E-5BF2-433E-B065-5925786578A5}.AppStore|iPhone.Build.0 = Release|Any CPU
		{FBF1647E-5BF2-433E-B065-5925786578A5}.AppStore|iPhone.Deploy.0 = Release|Any CPU
		{FBF1647E-5BF2-433E-B065-5925786578A5}.AppStore|iPhoneSimulator.ActiveCfg = Release|Any CPU
		{FBF1647E-5BF2-433E-B065-5925786578A5}.AppStore|iPhoneSimulator.Build.0 = Release|Any CPU
		{FBF1647E-5BF2-433E-B065-5925786578A5}.AppStore|iPhoneSimulator.Deploy.0 = Release|Any CPU
		{FBF1647E-5BF2-433E-B065-5925786578A5}.AppStore|x64.ActiveCfg = Release|Any CPU
		{FBF1647E-5BF2-433E-B065-5925786578A5}.AppStore|x64.Build.0 = Release|Any CPU
		{FBF1647E-5BF2-433E-B065-5925786578A5}.AppStore|x64.Deploy.0 = Release|Any CPU
		{FBF1647E-5BF2-433E-B065-5925786578A5}.AppStore|x86.ActiveCfg = Release|Any CPU
		{FBF1647E-5BF2-433E-B065-5925786578A5}.AppStore|x86.Build.0 = Release|Any CPU
		{FBF1647E-5BF2-433E-B065-5925786578A5}.AppStore|x86.Deploy.0 = Release|Any CPU
		{FBF1647E-5BF2-433E-B065-5925786578A5}.Debug|Any CPU.ActiveCfg = Debug|Any CPU
		{FBF1647E-5BF2-433E-B065-5925786578A5}.Debug|Any CPU.Build.0 = Debug|Any CPU
		{FBF1647E-5BF2-433E-B065-5925786578A5}.Debug|Any CPU.Deploy.0 = Debug|Any CPU
		{FBF1647E-5BF2-433E-B065-5925786578A5}.Debug|ARM.ActiveCfg = Debug|Any CPU
		{FBF1647E-5BF2-433E-B065-5925786578A5}.Debug|ARM.Build.0 = Debug|Any CPU
		{FBF1647E-5BF2-433E-B065-5925786578A5}.Debug|ARM.Deploy.0 = Debug|Any CPU
		{FBF1647E-5BF2-433E-B065-5925786578A5}.Debug|iPhone.ActiveCfg = Debug|Any CPU
		{FBF1647E-5BF2-433E-B065-5925786578A5}.Debug|iPhone.Build.0 = Debug|Any CPU
		{FBF1647E-5BF2-433E-B065-5925786578A5}.Debug|iPhone.Deploy.0 = Debug|Any CPU
		{FBF1647E-5BF2-433E-B065-5925786578A5}.Debug|iPhoneSimulator.ActiveCfg = Debug|Any CPU
		{FBF1647E-5BF2-433E-B065-5925786578A5}.Debug|iPhoneSimulator.Build.0 = Debug|Any CPU
		{FBF1647E-5BF2-433E-B065-5925786578A5}.Debug|iPhoneSimulator.Deploy.0 = Debug|Any CPU
		{FBF1647E-5BF2-433E-B065-5925786578A5}.Debug|x64.ActiveCfg = Debug|Any CPU
		{FBF1647E-5BF2-433E-B065-5925786578A5}.Debug|x64.Build.0 = Debug|Any CPU
		{FBF1647E-5BF2-433E-B065-5925786578A5}.Debug|x64.Deploy.0 = Debug|Any CPU
		{FBF1647E-5BF2-433E-B065-5925786578A5}.Debug|x86.ActiveCfg = Debug|Any CPU
		{FBF1647E-5BF2-433E-B065-5925786578A5}.Debug|x86.Build.0 = Debug|Any CPU
		{FBF1647E-5BF2-433E-B065-5925786578A5}.Debug|x86.Deploy.0 = Debug|Any CPU
		{FBF1647E-5BF2-433E-B065-5925786578A5}.Release|Any CPU.ActiveCfg = Release|Any CPU
		{FBF1647E-5BF2-433E-B065-5925786578A5}.Release|Any CPU.Build.0 = Release|Any CPU
		{FBF1647E-5BF2-433E-B065-5925786578A5}.Release|Any CPU.Deploy.0 = Release|Any CPU
		{FBF1647E-5BF2-433E-B065-5925786578A5}.Release|ARM.ActiveCfg = Release|Any CPU
		{FBF1647E-5BF2-433E-B065-5925786578A5}.Release|ARM.Build.0 = Release|Any CPU
		{FBF1647E-5BF2-433E-B065-5925786578A5}.Release|ARM.Deploy.0 = Release|Any CPU
		{FBF1647E-5BF2-433E-B065-5925786578A5}.Release|iPhone.ActiveCfg = Release|Any CPU
		{FBF1647E-5BF2-433E-B065-5925786578A5}.Release|iPhone.Build.0 = Release|Any CPU
		{FBF1647E-5BF2-433E-B065-5925786578A5}.Release|iPhone.Deploy.0 = Release|Any CPU
		{FBF1647E-5BF2-433E-B065-5925786578A5}.Release|iPhoneSimulator.ActiveCfg = Release|Any CPU
		{FBF1647E-5BF2-433E-B065-5925786578A5}.Release|iPhoneSimulator.Build.0 = Release|Any CPU
		{FBF1647E-5BF2-433E-B065-5925786578A5}.Release|iPhoneSimulator.Deploy.0 = Release|Any CPU
		{FBF1647E-5BF2-433E-B065-5925786578A5}.Release|x64.ActiveCfg = Release|Any CPU
		{FBF1647E-5BF2-433E-B065-5925786578A5}.Release|x64.Build.0 = Release|Any CPU
		{FBF1647E-5BF2-433E-B065-5925786578A5}.Release|x64.Deploy.0 = Release|Any CPU
		{FBF1647E-5BF2-433E-B065-5925786578A5}.Release|x86.ActiveCfg = Release|Any CPU
		{FBF1647E-5BF2-433E-B065-5925786578A5}.Release|x86.Build.0 = Release|Any CPU
		{FBF1647E-5BF2-433E-B065-5925786578A5}.Release|x86.Deploy.0 = Release|Any CPU
		{D21B3FB2-C7AC-4644-AF09-027C33CF3580}.Ad-Hoc|Any CPU.ActiveCfg = Ad-Hoc|iPhone
		{D21B3FB2-C7AC-4644-AF09-027C33CF3580}.Ad-Hoc|ARM.ActiveCfg = Ad-Hoc|iPhone
		{D21B3FB2-C7AC-4644-AF09-027C33CF3580}.Ad-Hoc|iPhone.ActiveCfg = Ad-Hoc|iPhone
		{D21B3FB2-C7AC-4644-AF09-027C33CF3580}.Ad-Hoc|iPhone.Build.0 = Ad-Hoc|iPhone
		{D21B3FB2-C7AC-4644-AF09-027C33CF3580}.Ad-Hoc|iPhoneSimulator.ActiveCfg = Ad-Hoc|iPhoneSimulator
		{D21B3FB2-C7AC-4644-AF09-027C33CF3580}.Ad-Hoc|iPhoneSimulator.Build.0 = Ad-Hoc|iPhoneSimulator
		{D21B3FB2-C7AC-4644-AF09-027C33CF3580}.Ad-Hoc|x64.ActiveCfg = Ad-Hoc|iPhone
		{D21B3FB2-C7AC-4644-AF09-027C33CF3580}.Ad-Hoc|x86.ActiveCfg = Ad-Hoc|iPhone
		{D21B3FB2-C7AC-4644-AF09-027C33CF3580}.AppStore|Any CPU.ActiveCfg = AppStore|iPhone
		{D21B3FB2-C7AC-4644-AF09-027C33CF3580}.AppStore|ARM.ActiveCfg = AppStore|iPhone
		{D21B3FB2-C7AC-4644-AF09-027C33CF3580}.AppStore|iPhone.ActiveCfg = AppStore|iPhone
		{D21B3FB2-C7AC-4644-AF09-027C33CF3580}.AppStore|iPhone.Build.0 = AppStore|iPhone
		{D21B3FB2-C7AC-4644-AF09-027C33CF3580}.AppStore|iPhoneSimulator.ActiveCfg = AppStore|iPhoneSimulator
		{D21B3FB2-C7AC-4644-AF09-027C33CF3580}.AppStore|iPhoneSimulator.Build.0 = AppStore|iPhoneSimulator
		{D21B3FB2-C7AC-4644-AF09-027C33CF3580}.AppStore|x64.ActiveCfg = AppStore|iPhone
		{D21B3FB2-C7AC-4644-AF09-027C33CF3580}.AppStore|x86.ActiveCfg = AppStore|iPhone
		{D21B3FB2-C7AC-4644-AF09-027C33CF3580}.Debug|Any CPU.ActiveCfg = Debug|iPhone
		{D21B3FB2-C7AC-4644-AF09-027C33CF3580}.Debug|ARM.ActiveCfg = Debug|iPhone
		{D21B3FB2-C7AC-4644-AF09-027C33CF3580}.Debug|iPhone.ActiveCfg = Debug|iPhone
		{D21B3FB2-C7AC-4644-AF09-027C33CF3580}.Debug|iPhone.Build.0 = Debug|iPhone
		{D21B3FB2-C7AC-4644-AF09-027C33CF3580}.Debug|iPhoneSimulator.ActiveCfg = Debug|iPhoneSimulator
		{D21B3FB2-C7AC-4644-AF09-027C33CF3580}.Debug|iPhoneSimulator.Build.0 = Debug|iPhoneSimulator
		{D21B3FB2-C7AC-4644-AF09-027C33CF3580}.Debug|x64.ActiveCfg = Debug|iPhone
		{D21B3FB2-C7AC-4644-AF09-027C33CF3580}.Debug|x86.ActiveCfg = Debug|iPhone
		{D21B3FB2-C7AC-4644-AF09-027C33CF3580}.Release|Any CPU.ActiveCfg = Release|iPhone
		{D21B3FB2-C7AC-4644-AF09-027C33CF3580}.Release|ARM.ActiveCfg = Release|iPhone
		{D21B3FB2-C7AC-4644-AF09-027C33CF3580}.Release|iPhone.ActiveCfg = Release|iPhone
		{D21B3FB2-C7AC-4644-AF09-027C33CF3580}.Release|iPhone.Build.0 = Release|iPhone
		{D21B3FB2-C7AC-4644-AF09-027C33CF3580}.Release|iPhoneSimulator.ActiveCfg = Release|iPhoneSimulator
		{D21B3FB2-C7AC-4644-AF09-027C33CF3580}.Release|iPhoneSimulator.Build.0 = Release|iPhoneSimulator
		{D21B3FB2-C7AC-4644-AF09-027C33CF3580}.Release|x64.ActiveCfg = Release|iPhone
		{D21B3FB2-C7AC-4644-AF09-027C33CF3580}.Release|x86.ActiveCfg = Release|iPhone
		{BC494802-CCA2-4043-BC5B-ED5731100080}.Ad-Hoc|Any CPU.ActiveCfg = Release|x86
		{BC494802-CCA2-4043-BC5B-ED5731100080}.Ad-Hoc|Any CPU.Build.0 = Release|x86
		{BC494802-CCA2-4043-BC5B-ED5731100080}.Ad-Hoc|Any CPU.Deploy.0 = Release|x86
		{BC494802-CCA2-4043-BC5B-ED5731100080}.Ad-Hoc|ARM.ActiveCfg = Release|ARM
		{BC494802-CCA2-4043-BC5B-ED5731100080}.Ad-Hoc|ARM.Build.0 = Release|ARM
		{BC494802-CCA2-4043-BC5B-ED5731100080}.Ad-Hoc|ARM.Deploy.0 = Release|ARM
		{BC494802-CCA2-4043-BC5B-ED5731100080}.Ad-Hoc|iPhone.ActiveCfg = Release|x86
		{BC494802-CCA2-4043-BC5B-ED5731100080}.Ad-Hoc|iPhone.Build.0 = Release|x86
		{BC494802-CCA2-4043-BC5B-ED5731100080}.Ad-Hoc|iPhone.Deploy.0 = Release|x86
		{BC494802-CCA2-4043-BC5B-ED5731100080}.Ad-Hoc|iPhoneSimulator.ActiveCfg = Release|x86
		{BC494802-CCA2-4043-BC5B-ED5731100080}.Ad-Hoc|iPhoneSimulator.Build.0 = Release|x86
		{BC494802-CCA2-4043-BC5B-ED5731100080}.Ad-Hoc|iPhoneSimulator.Deploy.0 = Release|x86
		{BC494802-CCA2-4043-BC5B-ED5731100080}.Ad-Hoc|x64.ActiveCfg = Release|x64
		{BC494802-CCA2-4043-BC5B-ED5731100080}.Ad-Hoc|x64.Build.0 = Release|x64
		{BC494802-CCA2-4043-BC5B-ED5731100080}.Ad-Hoc|x64.Deploy.0 = Release|x64
		{BC494802-CCA2-4043-BC5B-ED5731100080}.Ad-Hoc|x86.ActiveCfg = Release|x86
		{BC494802-CCA2-4043-BC5B-ED5731100080}.Ad-Hoc|x86.Build.0 = Release|x86
		{BC494802-CCA2-4043-BC5B-ED5731100080}.Ad-Hoc|x86.Deploy.0 = Release|x86
		{BC494802-CCA2-4043-BC5B-ED5731100080}.AppStore|Any CPU.ActiveCfg = Release|x86
		{BC494802-CCA2-4043-BC5B-ED5731100080}.AppStore|Any CPU.Build.0 = Release|x86
		{BC494802-CCA2-4043-BC5B-ED5731100080}.AppStore|Any CPU.Deploy.0 = Release|x86
		{BC494802-CCA2-4043-BC5B-ED5731100080}.AppStore|ARM.ActiveCfg = Release|ARM
		{BC494802-CCA2-4043-BC5B-ED5731100080}.AppStore|ARM.Build.0 = Release|ARM
		{BC494802-CCA2-4043-BC5B-ED5731100080}.AppStore|ARM.Deploy.0 = Release|ARM
		{BC494802-CCA2-4043-BC5B-ED5731100080}.AppStore|iPhone.ActiveCfg = Release|x86
		{BC494802-CCA2-4043-BC5B-ED5731100080}.AppStore|iPhone.Build.0 = Release|x86
		{BC494802-CCA2-4043-BC5B-ED5731100080}.AppStore|iPhone.Deploy.0 = Release|x86
		{BC494802-CCA2-4043-BC5B-ED5731100080}.AppStore|iPhoneSimulator.ActiveCfg = Release|x86
		{BC494802-CCA2-4043-BC5B-ED5731100080}.AppStore|iPhoneSimulator.Build.0 = Release|x86
		{BC494802-CCA2-4043-BC5B-ED5731100080}.AppStore|iPhoneSimulator.Deploy.0 = Release|x86
		{BC494802-CCA2-4043-BC5B-ED5731100080}.AppStore|x64.ActiveCfg = Release|x64
		{BC494802-CCA2-4043-BC5B-ED5731100080}.AppStore|x64.Build.0 = Release|x64
		{BC494802-CCA2-4043-BC5B-ED5731100080}.AppStore|x64.Deploy.0 = Release|x64
		{BC494802-CCA2-4043-BC5B-ED5731100080}.AppStore|x86.ActiveCfg = Release|x86
		{BC494802-CCA2-4043-BC5B-ED5731100080}.AppStore|x86.Build.0 = Release|x86
		{BC494802-CCA2-4043-BC5B-ED5731100080}.AppStore|x86.Deploy.0 = Release|x86
		{BC494802-CCA2-4043-BC5B-ED5731100080}.Debug|Any CPU.ActiveCfg = Debug|x86
		{BC494802-CCA2-4043-BC5B-ED5731100080}.Debug|ARM.ActiveCfg = Debug|ARM
		{BC494802-CCA2-4043-BC5B-ED5731100080}.Debug|ARM.Build.0 = Debug|ARM
		{BC494802-CCA2-4043-BC5B-ED5731100080}.Debug|ARM.Deploy.0 = Debug|ARM
		{BC494802-CCA2-4043-BC5B-ED5731100080}.Debug|iPhone.ActiveCfg = Debug|x86
		{BC494802-CCA2-4043-BC5B-ED5731100080}.Debug|iPhone.Build.0 = Debug|x86
		{BC494802-CCA2-4043-BC5B-ED5731100080}.Debug|iPhone.Deploy.0 = Debug|x86
		{BC494802-CCA2-4043-BC5B-ED5731100080}.Debug|iPhoneSimulator.ActiveCfg = Debug|x86
		{BC494802-CCA2-4043-BC5B-ED5731100080}.Debug|x64.ActiveCfg = Debug|x64
		{BC494802-CCA2-4043-BC5B-ED5731100080}.Debug|x64.Build.0 = Debug|x64
		{BC494802-CCA2-4043-BC5B-ED5731100080}.Debug|x64.Deploy.0 = Debug|x64
		{BC494802-CCA2-4043-BC5B-ED5731100080}.Debug|x86.ActiveCfg = Debug|x86
		{BC494802-CCA2-4043-BC5B-ED5731100080}.Debug|x86.Build.0 = Debug|x86
		{BC494802-CCA2-4043-BC5B-ED5731100080}.Debug|x86.Deploy.0 = Debug|x86
		{BC494802-CCA2-4043-BC5B-ED5731100080}.Release|Any CPU.ActiveCfg = Release|x86
		{BC494802-CCA2-4043-BC5B-ED5731100080}.Release|ARM.ActiveCfg = Release|ARM
		{BC494802-CCA2-4043-BC5B-ED5731100080}.Release|ARM.Build.0 = Release|ARM
		{BC494802-CCA2-4043-BC5B-ED5731100080}.Release|ARM.Deploy.0 = Release|ARM
		{BC494802-CCA2-4043-BC5B-ED5731100080}.Release|iPhone.ActiveCfg = Release|x86
		{BC494802-CCA2-4043-BC5B-ED5731100080}.Release|iPhoneSimulator.ActiveCfg = Release|x86
		{BC494802-CCA2-4043-BC5B-ED5731100080}.Release|x64.ActiveCfg = Release|x64
		{BC494802-CCA2-4043-BC5B-ED5731100080}.Release|x64.Build.0 = Release|x64
		{BC494802-CCA2-4043-BC5B-ED5731100080}.Release|x64.Deploy.0 = Release|x64
		{BC494802-CCA2-4043-BC5B-ED5731100080}.Release|x86.ActiveCfg = Release|x86
		{BC494802-CCA2-4043-BC5B-ED5731100080}.Release|x86.Build.0 = Release|x86
		{BC494802-CCA2-4043-BC5B-ED5731100080}.Release|x86.Deploy.0 = Release|x86
	EndGlobalSection
	GlobalSection(SolutionProperties) = preSolution
		HideSolutionNode = FALSE
	EndGlobalSection
EndGlobal
